
Microsoft Visual Studio Solution File, Format Version 12.00
# Visual Studio Version 16
VisualStudioVersion = 16.0.31220.234
MinimumVisualStudioVersion = 10.0.40219.1
Project("{9A19103F-16F7-4668-BE54-9A1E7A4F7556}") = "LiftLog.Lib", "LiftLog.Lib\LiftLog.Lib.csproj", "{62A2BF0B-DC89-4D25-8FD5-DA3BC3381088}"
EndProject
Project("{2150E333-8FDC-42A3-9474-1A3956D46DE8}") = "Solution Items", "Solution Items", "{FC3C2817-AD76-4796-B8B0-663433CD5F75}"
	ProjectSection(SolutionItems) = preProject
		.editorconfig = .editorconfig
		.gitattributes = .gitattributes
		.gitignore = .gitignore
		Nuget.config = Nuget.config
	EndProjectSection
EndProject
Project("{FAE04EC0-301F-11D3-BF4B-00C04F79EFBC}") = "LiftLog.Api", "LiftLog.Api\LiftLog.Api.csproj", "{2569C97C-BA58-4DF6-B4CB-0E21E59E50F4}"
EndProject
Project("{FAE04EC0-301F-11D3-BF4B-00C04F79EFBC}") = "LiftLog.Tests.Api", "tests\LiftLog.Tests.Api\LiftLog.Tests.Api.csproj", "{8306A2A4-BD01-48F5-B2F8-7A85B93D87FD}"
EndProject
Project("{FAE04EC0-301F-11D3-BF4B-00C04F79EFBC}") = "RevenueCat", "RevenueCat\RevenueCat.csproj", "{C3642720-AB4F-41B0-BDAC-C18A0CB03600}"
EndProject
Global
	GlobalSection(SolutionConfigurationPlatforms) = preSolution
		Debug|Any CPU = Debug|Any CPU
		Debug|arm64 = Debug|arm64
		Debug|x64 = Debug|x64
		Debug|x86 = Debug|x86
		Release|Any CPU = Release|Any CPU
		Release|arm64 = Release|arm64
		Release|x64 = Release|x64
		Release|x86 = Release|x86
	EndGlobalSection
	GlobalSection(ProjectConfigurationPlatforms) = postSolution
		{62A2BF0B-DC89-4D25-8FD5-DA3BC3381088}.Debug|Any CPU.ActiveCfg = Debug|Any CPU
		{62A2BF0B-DC89-4D25-8FD5-DA3BC3381088}.Debug|Any CPU.Build.0 = Debug|Any CPU
		{62A2BF0B-DC89-4D25-8FD5-DA3BC3381088}.Debug|arm64.ActiveCfg = Debug|Any CPU
		{62A2BF0B-DC89-4D25-8FD5-DA3BC3381088}.Debug|arm64.Build.0 = Debug|Any CPU
		{62A2BF0B-DC89-4D25-8FD5-DA3BC3381088}.Debug|x64.ActiveCfg = Debug|Any CPU
		{62A2BF0B-DC89-4D25-8FD5-DA3BC3381088}.Debug|x64.Build.0 = Debug|Any CPU
		{62A2BF0B-DC89-4D25-8FD5-DA3BC3381088}.Debug|x86.ActiveCfg = Debug|Any CPU
		{62A2BF0B-DC89-4D25-8FD5-DA3BC3381088}.Debug|x86.Build.0 = Debug|Any CPU
		{62A2BF0B-DC89-4D25-8FD5-DA3BC3381088}.Release|Any CPU.ActiveCfg = Release|Any CPU
		{62A2BF0B-DC89-4D25-8FD5-DA3BC3381088}.Release|Any CPU.Build.0 = Release|Any CPU
		{62A2BF0B-DC89-4D25-8FD5-DA3BC3381088}.Release|arm64.ActiveCfg = Release|Any CPU
		{62A2BF0B-DC89-4D25-8FD5-DA3BC3381088}.Release|arm64.Build.0 = Release|Any CPU
		{62A2BF0B-DC89-4D25-8FD5-DA3BC3381088}.Release|x64.ActiveCfg = Release|Any CPU
		{62A2BF0B-DC89-4D25-8FD5-DA3BC3381088}.Release|x64.Build.0 = Release|Any CPU
		{62A2BF0B-DC89-4D25-8FD5-DA3BC3381088}.Release|x86.ActiveCfg = Release|Any CPU
		{62A2BF0B-DC89-4D25-8FD5-DA3BC3381088}.Release|x86.Build.0 = Release|Any CPU
		{48D061EC-D228-4923-ABD5-AB667139856D}.Debug|Any CPU.ActiveCfg = Debug|Any CPU
		{48D061EC-D228-4923-ABD5-AB667139856D}.Debug|Any CPU.Build.0 = Debug|Any CPU
		{48D061EC-D228-4923-ABD5-AB667139856D}.Debug|arm64.ActiveCfg = Debug|Any CPU
		{48D061EC-D228-4923-ABD5-AB667139856D}.Debug|arm64.Build.0 = Debug|Any CPU
		{48D061EC-D228-4923-ABD5-AB667139856D}.Debug|x64.ActiveCfg = Debug|Any CPU
		{48D061EC-D228-4923-ABD5-AB667139856D}.Debug|x64.Build.0 = Debug|Any CPU
		{48D061EC-D228-4923-ABD5-AB667139856D}.Debug|x86.ActiveCfg = Debug|Any CPU
		{48D061EC-D228-4923-ABD5-AB667139856D}.Debug|x86.Build.0 = Debug|Any CPU
		{48D061EC-D228-4923-ABD5-AB667139856D}.Release|Any CPU.ActiveCfg = Release|Any CPU
		{48D061EC-D228-4923-ABD5-AB667139856D}.Release|Any CPU.Build.0 = Release|Any CPU
		{48D061EC-D228-4923-ABD5-AB667139856D}.Release|arm64.ActiveCfg = Release|Any CPU
		{48D061EC-D228-4923-ABD5-AB667139856D}.Release|arm64.Build.0 = Release|Any CPU
		{48D061EC-D228-4923-ABD5-AB667139856D}.Release|x64.ActiveCfg = Release|Any CPU
		{48D061EC-D228-4923-ABD5-AB667139856D}.Release|x64.Build.0 = Release|Any CPU
		{48D061EC-D228-4923-ABD5-AB667139856D}.Release|x86.ActiveCfg = Release|Any CPU
		{48D061EC-D228-4923-ABD5-AB667139856D}.Release|x86.Build.0 = Release|Any CPU
		{F9050CF8-C0B9-4285-B47D-551D84FCEC13}.Debug|Any CPU.ActiveCfg = Debug|Any CPU
		{F9050CF8-C0B9-4285-B47D-551D84FCEC13}.Debug|Any CPU.Build.0 = Debug|Any CPU
		{F9050CF8-C0B9-4285-B47D-551D84FCEC13}.Debug|arm64.ActiveCfg = Debug|Any CPU
		{F9050CF8-C0B9-4285-B47D-551D84FCEC13}.Debug|arm64.Build.0 = Debug|Any CPU
		{F9050CF8-C0B9-4285-B47D-551D84FCEC13}.Debug|x64.ActiveCfg = Debug|Any CPU
		{F9050CF8-C0B9-4285-B47D-551D84FCEC13}.Debug|x64.Build.0 = Debug|Any CPU
		{F9050CF8-C0B9-4285-B47D-551D84FCEC13}.Debug|x86.ActiveCfg = Debug|Any CPU
		{F9050CF8-C0B9-4285-B47D-551D84FCEC13}.Debug|x86.Build.0 = Debug|Any CPU
		{F9050CF8-C0B9-4285-B47D-551D84FCEC13}.Release|Any CPU.ActiveCfg = Release|Any CPU
		{F9050CF8-C0B9-4285-B47D-551D84FCEC13}.Release|Any CPU.Build.0 = Release|Any CPU
		{F9050CF8-C0B9-4285-B47D-551D84FCEC13}.Release|arm64.ActiveCfg = Release|Any CPU
		{F9050CF8-C0B9-4285-B47D-551D84FCEC13}.Release|arm64.Build.0 = Release|Any CPU
		{F9050CF8-C0B9-4285-B47D-551D84FCEC13}.Release|x64.ActiveCfg = Release|Any CPU
		{F9050CF8-C0B9-4285-B47D-551D84FCEC13}.Release|x64.Build.0 = Release|Any CPU
		{F9050CF8-C0B9-4285-B47D-551D84FCEC13}.Release|x86.ActiveCfg = Release|Any CPU
		{F9050CF8-C0B9-4285-B47D-551D84FCEC13}.Release|x86.Build.0 = Release|Any CPU
		{08D7B5DB-F7A2-4ECA-BE13-81128AB252B1}.Debug|Any CPU.ActiveCfg = Debug|Any CPU
		{08D7B5DB-F7A2-4ECA-BE13-81128AB252B1}.Debug|Any CPU.Build.0 = Debug|Any CPU
		{08D7B5DB-F7A2-4ECA-BE13-81128AB252B1}.Debug|arm64.ActiveCfg = Debug|Any CPU
		{08D7B5DB-F7A2-4ECA-BE13-81128AB252B1}.Debug|arm64.Build.0 = Debug|Any CPU
		{08D7B5DB-F7A2-4ECA-BE13-81128AB252B1}.Debug|x64.ActiveCfg = Debug|Any CPU
		{08D7B5DB-F7A2-4ECA-BE13-81128AB252B1}.Debug|x64.Build.0 = Debug|Any CPU
		{08D7B5DB-F7A2-4ECA-BE13-81128AB252B1}.Debug|x86.ActiveCfg = Debug|Any CPU
		{08D7B5DB-F7A2-4ECA-BE13-81128AB252B1}.Debug|x86.Build.0 = Debug|Any CPU
		{08D7B5DB-F7A2-4ECA-BE13-81128AB252B1}.Release|Any CPU.ActiveCfg = Release|Any CPU
		{08D7B5DB-F7A2-4ECA-BE13-81128AB252B1}.Release|Any CPU.Build.0 = Release|Any CPU
		{08D7B5DB-F7A2-4ECA-BE13-81128AB252B1}.Release|arm64.ActiveCfg = Release|Any CPU
		{08D7B5DB-F7A2-4ECA-BE13-81128AB252B1}.Release|arm64.Build.0 = Release|Any CPU
		{08D7B5DB-F7A2-4ECA-BE13-81128AB252B1}.Release|x64.ActiveCfg = Release|Any CPU
		{08D7B5DB-F7A2-4ECA-BE13-81128AB252B1}.Release|x64.Build.0 = Release|Any CPU
		{08D7B5DB-F7A2-4ECA-BE13-81128AB252B1}.Release|x86.ActiveCfg = Release|Any CPU
		{08D7B5DB-F7A2-4ECA-BE13-81128AB252B1}.Release|x86.Build.0 = Release|Any CPU
		{2569C97C-BA58-4DF6-B4CB-0E21E59E50F4}.Debug|Any CPU.ActiveCfg = Debug|Any CPU
		{2569C97C-BA58-4DF6-B4CB-0E21E59E50F4}.Debug|Any CPU.Build.0 = Debug|Any CPU
		{2569C97C-BA58-4DF6-B4CB-0E21E59E50F4}.Debug|arm64.ActiveCfg = Debug|Any CPU
		{2569C97C-BA58-4DF6-B4CB-0E21E59E50F4}.Debug|arm64.Build.0 = Debug|Any CPU
		{2569C97C-BA58-4DF6-B4CB-0E21E59E50F4}.Debug|x64.ActiveCfg = Debug|Any CPU
		{2569C97C-BA58-4DF6-B4CB-0E21E59E50F4}.Debug|x64.Build.0 = Debug|Any CPU
		{2569C97C-BA58-4DF6-B4CB-0E21E59E50F4}.Debug|x86.ActiveCfg = Debug|Any CPU
		{2569C97C-BA58-4DF6-B4CB-0E21E59E50F4}.Debug|x86.Build.0 = Debug|Any CPU
		{2569C97C-BA58-4DF6-B4CB-0E21E59E50F4}.Release|Any CPU.ActiveCfg = Release|Any CPU
		{2569C97C-BA58-4DF6-B4CB-0E21E59E50F4}.Release|Any CPU.Build.0 = Release|Any CPU
		{2569C97C-BA58-4DF6-B4CB-0E21E59E50F4}.Release|arm64.ActiveCfg = Release|Any CPU
		{2569C97C-BA58-4DF6-B4CB-0E21E59E50F4}.Release|arm64.Build.0 = Release|Any CPU
		{2569C97C-BA58-4DF6-B4CB-0E21E59E50F4}.Release|x64.ActiveCfg = Release|Any CPU
		{2569C97C-BA58-4DF6-B4CB-0E21E59E50F4}.Release|x64.Build.0 = Release|Any CPU
		{2569C97C-BA58-4DF6-B4CB-0E21E59E50F4}.Release|x86.ActiveCfg = Release|Any CPU
		{2569C97C-BA58-4DF6-B4CB-0E21E59E50F4}.Release|x86.Build.0 = Release|Any CPU
		{8306A2A4-BD01-48F5-B2F8-7A85B93D87FD}.Debug|Any CPU.ActiveCfg = Debug|Any CPU
		{8306A2A4-BD01-48F5-B2F8-7A85B93D87FD}.Debug|Any CPU.Build.0 = Debug|Any CPU
		{8306A2A4-BD01-48F5-B2F8-7A85B93D87FD}.Debug|arm64.ActiveCfg = Debug|Any CPU
		{8306A2A4-BD01-48F5-B2F8-7A85B93D87FD}.Debug|arm64.Build.0 = Debug|Any CPU
		{8306A2A4-BD01-48F5-B2F8-7A85B93D87FD}.Debug|x64.ActiveCfg = Debug|Any CPU
		{8306A2A4-BD01-48F5-B2F8-7A85B93D87FD}.Debug|x64.Build.0 = Debug|Any CPU
		{8306A2A4-BD01-48F5-B2F8-7A85B93D87FD}.Debug|x86.ActiveCfg = Debug|Any CPU
		{8306A2A4-BD01-48F5-B2F8-7A85B93D87FD}.Debug|x86.Build.0 = Debug|Any CPU
		{8306A2A4-BD01-48F5-B2F8-7A85B93D87FD}.Release|Any CPU.ActiveCfg = Release|Any CPU
		{8306A2A4-BD01-48F5-B2F8-7A85B93D87FD}.Release|Any CPU.Build.0 = Release|Any CPU
		{8306A2A4-BD01-48F5-B2F8-7A85B93D87FD}.Release|arm64.ActiveCfg = Release|Any CPU
		{8306A2A4-BD01-48F5-B2F8-7A85B93D87FD}.Release|arm64.Build.0 = Release|Any CPU
		{8306A2A4-BD01-48F5-B2F8-7A85B93D87FD}.Release|x64.ActiveCfg = Release|Any CPU
		{8306A2A4-BD01-48F5-B2F8-7A85B93D87FD}.Release|x64.Build.0 = Release|Any CPU
		{8306A2A4-BD01-48F5-B2F8-7A85B93D87FD}.Release|x86.ActiveCfg = Release|Any CPU
		{8306A2A4-BD01-48F5-B2F8-7A85B93D87FD}.Release|x86.Build.0 = Release|Any CPU
		{EAFB4E00-343C-4AA2-9CA0-CD186AC390C7}.Debug|Any CPU.ActiveCfg = Debug|Any CPU
		{EAFB4E00-343C-4AA2-9CA0-CD186AC390C7}.Debug|Any CPU.Build.0 = Debug|Any CPU
		{EAFB4E00-343C-4AA2-9CA0-CD186AC390C7}.Debug|arm64.ActiveCfg = Debug|Any CPU
		{EAFB4E00-343C-4AA2-9CA0-CD186AC390C7}.Debug|arm64.Build.0 = Debug|Any CPU
		{EAFB4E00-343C-4AA2-9CA0-CD186AC390C7}.Debug|x64.ActiveCfg = Debug|Any CPU
		{EAFB4E00-343C-4AA2-9CA0-CD186AC390C7}.Debug|x64.Build.0 = Debug|Any CPU
		{EAFB4E00-343C-4AA2-9CA0-CD186AC390C7}.Debug|x86.ActiveCfg = Debug|Any CPU
		{EAFB4E00-343C-4AA2-9CA0-CD186AC390C7}.Debug|x86.Build.0 = Debug|Any CPU
		{EAFB4E00-343C-4AA2-9CA0-CD186AC390C7}.Release|Any CPU.ActiveCfg = Release|Any CPU
		{EAFB4E00-343C-4AA2-9CA0-CD186AC390C7}.Release|Any CPU.Build.0 = Release|Any CPU
		{EAFB4E00-343C-4AA2-9CA0-CD186AC390C7}.Release|arm64.ActiveCfg = Release|Any CPU
		{EAFB4E00-343C-4AA2-9CA0-CD186AC390C7}.Release|arm64.Build.0 = Release|Any CPU
		{EAFB4E00-343C-4AA2-9CA0-CD186AC390C7}.Release|x64.ActiveCfg = Release|Any CPU
		{EAFB4E00-343C-4AA2-9CA0-CD186AC390C7}.Release|x64.Build.0 = Release|Any CPU
		{EAFB4E00-343C-4AA2-9CA0-CD186AC390C7}.Release|x86.ActiveCfg = Release|Any CPU
		{EAFB4E00-343C-4AA2-9CA0-CD186AC390C7}.Release|x86.Build.0 = Release|Any CPU
		{49CFEDA6-F586-4ABD-8054-E689324700F5}.Debug|Any CPU.ActiveCfg = Debug|Any CPU
		{49CFEDA6-F586-4ABD-8054-E689324700F5}.Debug|Any CPU.Build.0 = Debug|Any CPU
		{49CFEDA6-F586-4ABD-8054-E689324700F5}.Debug|arm64.ActiveCfg = Debug|Any CPU
		{49CFEDA6-F586-4ABD-8054-E689324700F5}.Debug|arm64.Build.0 = Debug|Any CPU
		{49CFEDA6-F586-4ABD-8054-E689324700F5}.Debug|x64.ActiveCfg = Debug|Any CPU
		{49CFEDA6-F586-4ABD-8054-E689324700F5}.Debug|x64.Build.0 = Debug|Any CPU
		{49CFEDA6-F586-4ABD-8054-E689324700F5}.Debug|x86.ActiveCfg = Debug|Any CPU
		{49CFEDA6-F586-4ABD-8054-E689324700F5}.Debug|x86.Build.0 = Debug|Any CPU
		{49CFEDA6-F586-4ABD-8054-E689324700F5}.Release|Any CPU.ActiveCfg = Release|Any CPU
		{49CFEDA6-F586-4ABD-8054-E689324700F5}.Release|Any CPU.Build.0 = Release|Any CPU
		{49CFEDA6-F586-4ABD-8054-E689324700F5}.Release|arm64.ActiveCfg = Release|Any CPU
		{49CFEDA6-F586-4ABD-8054-E689324700F5}.Release|arm64.Build.0 = Release|Any CPU
		{49CFEDA6-F586-4ABD-8054-E689324700F5}.Release|x64.ActiveCfg = Release|Any CPU
		{49CFEDA6-F586-4ABD-8054-E689324700F5}.Release|x64.Build.0 = Release|Any CPU
		{49CFEDA6-F586-4ABD-8054-E689324700F5}.Release|x86.ActiveCfg = Release|Any CPU
		{49CFEDA6-F586-4ABD-8054-E689324700F5}.Release|x86.Build.0 = Release|Any CPU
		{C3642720-AB4F-41B0-BDAC-C18A0CB03600}.Debug|Any CPU.ActiveCfg = Debug|Any CPU
		{C3642720-AB4F-41B0-BDAC-C18A0CB03600}.Debug|Any CPU.Build.0 = Debug|Any CPU
		{C3642720-AB4F-41B0-BDAC-C18A0CB03600}.Debug|arm64.ActiveCfg = Debug|Any CPU
		{C3642720-AB4F-41B0-BDAC-C18A0CB03600}.Debug|arm64.Build.0 = Debug|Any CPU
		{C3642720-AB4F-41B0-BDAC-C18A0CB03600}.Debug|x64.ActiveCfg = Debug|Any CPU
		{C3642720-AB4F-41B0-BDAC-C18A0CB03600}.Debug|x64.Build.0 = Debug|Any CPU
		{C3642720-AB4F-41B0-BDAC-C18A0CB03600}.Debug|x86.ActiveCfg = Debug|Any CPU
		{C3642720-AB4F-41B0-BDAC-C18A0CB03600}.Debug|x86.Build.0 = Debug|Any CPU
		{C3642720-AB4F-41B0-BDAC-C18A0CB03600}.Release|Any CPU.ActiveCfg = Release|Any CPU
		{C3642720-AB4F-41B0-BDAC-C18A0CB03600}.Release|Any CPU.Build.0 = Release|Any CPU
		{C3642720-AB4F-41B0-BDAC-C18A0CB03600}.Release|arm64.ActiveCfg = Release|Any CPU
		{C3642720-AB4F-41B0-BDAC-C18A0CB03600}.Release|arm64.Build.0 = Release|Any CPU
		{C3642720-AB4F-41B0-BDAC-C18A0CB03600}.Release|x64.ActiveCfg = Release|Any CPU
		{C3642720-AB4F-41B0-BDAC-C18A0CB03600}.Release|x64.Build.0 = Release|Any CPU
		{C3642720-AB4F-41B0-BDAC-C18A0CB03600}.Release|x86.ActiveCfg = Release|Any CPU
		{C3642720-AB4F-41B0-BDAC-C18A0CB03600}.Release|x86.Build.0 = Release|Any CPU
	EndGlobalSection
	GlobalSection(SolutionProperties) = preSolution
		HideSolutionNode = FALSE
	EndGlobalSection
	GlobalSection(ExtensibilityGlobals) = postSolution
		SolutionGuid = {61F7FB11-1E47-470C-91E2-47F8143E1572}
	EndGlobalSection
EndGlobal
